
Microsoft Visual Studio Solution File, Format Version 12.00
# Visual Studio 15
Project("{FAE04EC0-301F-11D3-BF4B-00C04F79EFBC}") = "KTaNE - Boggle", "KTaNE - Boggle.csproj", "{B9419C9C-99BA-5AF9-0C32-E3EC54C70F88}"
EndProject
Project("{FAE04EC0-301F-11D3-BF4B-00C04F79EFBC}") = "KTaNE - Boggle.Editor", "KTaNE - Boggle.Editor.csproj", "{D3983CAE-E359-6B6B-3AA3-A520DCC26348}"
EndProject
Global
	GlobalSection(SolutionConfigurationPlatforms) = preSolution
		Debug|Any CPU = Debug|Any CPU
		Release|Any CPU = Release|Any CPU
	EndGlobalSection
	GlobalSection(ProjectConfigurationPlatforms) = postSolution
		{B9419C9C-99BA-5AF9-0C32-E3EC54C70F88}.Debug|Any CPU.ActiveCfg = Debug|Any CPU
		{B9419C9C-99BA-5AF9-0C32-E3EC54C70F88}.Debug|Any CPU.Build.0 = Debug|Any CPU
		{B9419C9C-99BA-5AF9-0C32-E3EC54C70F88}.Release|Any CPU.ActiveCfg = Release|Any CPU
		{B9419C9C-99BA-5AF9-0C32-E3EC54C70F88}.Release|Any CPU.Build.0 = Release|Any CPU
		{D3983CAE-E359-6B6B-3AA3-A520DCC26348}.Debug|Any CPU.ActiveCfg = Debug|Any CPU
		{D3983CAE-E359-6B6B-3AA3-A520DCC26348}.Debug|Any CPU.Build.0 = Debug|Any CPU
		{D3983CAE-E359-6B6B-3AA3-A520DCC26348}.Release|Any CPU.ActiveCfg = Release|Any CPU
		{D3983CAE-E359-6B6B-3AA3-A520DCC26348}.Release|Any CPU.Build.0 = Release|Any CPU
	EndGlobalSection
	GlobalSection(SolutionProperties) = preSolution
		HideSolutionNode = FALSE
	EndGlobalSection
EndGlobal
